
Microsoft Visual Studio Solution File, Format Version 12.00
# Visual Studio 14
VisualStudioVersion = 14.0.25420.1
MinimumVisualStudioVersion = 10.0.40219.1
Project("{FAE04EC0-301F-11D3-BF4B-00C04F79EFBC}") = "Csw.Library", "Csw.Library\Csw.Library.csproj", "{CCFF4260-D85B-47E0-9D7E-F7BFF4824537}"
EndProject
Project("{FAE04EC0-301F-11D3-BF4B-00C04F79EFBC}") = "Csw.Library.Core", "Csw.Library.Core\Csw.Library.Core.csproj", "{EBB21743-5531-46CA-A4C7-2FEE2035F093}"
EndProject
Global
	GlobalSection(SolutionConfigurationPlatforms) = preSolution
		Debug|Any CPU = Debug|Any CPU
		Release|Any CPU = Release|Any CPU
	EndGlobalSection
	GlobalSection(ProjectConfigurationPlatforms) = postSolution
		{CCFF4260-D85B-47E0-9D7E-F7BFF4824537}.Debug|Any CPU.ActiveCfg = Debug|Any CPU
		{CCFF4260-D85B-47E0-9D7E-F7BFF4824537}.Debug|Any CPU.Build.0 = Debug|Any CPU
		{CCFF4260-D85B-47E0-9D7E-F7BFF4824537}.Release|Any CPU.ActiveCfg = Release|Any CPU
		{CCFF4260-D85B-47E0-9D7E-F7BFF4824537}.Release|Any CPU.Build.0 = Release|Any CPU
		{EBB21743-5531-46CA-A4C7-2FEE2035F093}.Debug|Any CPU.ActiveCfg = Debug|Any CPU
		{EBB21743-5531-46CA-A4C7-2FEE2035F093}.Debug|Any CPU.Build.0 = Debug|Any CPU
		{EBB21743-5531-46CA-A4C7-2FEE2035F093}.Release|Any CPU.ActiveCfg = Release|Any CPU
		{EBB21743-5531-46CA-A4C7-2FEE2035F093}.Release|Any CPU.Build.0 = Release|Any CPU
	EndGlobalSection
	GlobalSection(SolutionProperties) = preSolution
		HideSolutionNode = FALSE
	EndGlobalSection
EndGlobal
